<?xml version="1.0" encoding="UTF-8" standalone="yes" ?>
<CodeBlocks_project_file>
	<FileVersion major="1" minor="6" />
	<Project>
		<Option title="Projeto-TP1-2023" />
		<Option pch_mode="2" />
		<Option compiler="gcc" />
		<Build>
			<Target title="Debug">
				<Option output="bin/Debug/Exemplos_de_aula" prefix_auto="1" extension_auto="1" />
				<Option object_output="obj/Debug/" />
				<Option type="1" />
				<Option compiler="gcc" />
				<Compiler>
					<Add option="-g" />
					<Add directory="C:/Users/RCS/Desktop/Trab-TP1/Trabalho-TP1-UNB/trabalho-tecnicas-prog/" />
				</Compiler>
				<ResourceCompiler>
					<Add directory="C:/Users/RCS/Desktop/Trab-TP1/Trabalho-TP1-UNB/trabalho-tecnicas-prog/" />
				</ResourceCompiler>
				<Linker>
					<Add directory="C:/Users/RCS/Desktop/Trab-TP1/Trabalho-TP1-UNB/trabalho-tecnicas-prog/" />
				</Linker>
			</Target>
			<Target title="Release">
				<Option output="bin/Release/Exemplos_de_aula" prefix_auto="1" extension_auto="1" />
				<Option object_output="obj/Release/" />
				<Option type="1" />
				<Option compiler="gcc" />
				<Compiler>
					<Add option="-O2" />
				</Compiler>
				<Linker>
					<Add option="-s" />
				</Linker>
			</Target>
		</Build>
		<Compiler>
			<Add option="-Wall" />
		</Compiler>
		<Unit filename="controladoras.cpp" />
		<Unit filename="controladoras.h" />
		<Unit filename="dominios.cpp" />
		<Unit filename="dominios.h" />
		<Unit filename="interfaces/IAA.h" />
		<Unit filename="interfaces/IAC.h" />
		<Unit filename="main.cpp" />
		<Unit filename="stubs.cpp" />
		<Unit filename="stubs.h" />
		<Unit filename="testes.cpp" />
		<Unit filename="testes.h" />
		<Extensions>
			<lib_finder disable_auto="1" />
		</Extensions>
	</Project>
</CodeBlocks_project_file>
